Microsoft Visual Studio Solution File, Format Version 12.00
# Visual Studio 14
VisualStudioVersion = 14.0.25420.1
MinimumVisualStudioVersion = 10.0.40219.1
Project("{FAE04EC0-301F-11D3-BF4B-11C04F79EFBC}") = "Lusid.Drive.Sdk", "Lusid.Drive.Sdk\Lusid.Drive.Sdk.csproj", "{EF446E4C-B8F1-4E19-8E99-C5BBB1F07DD9}"
EndProject
Project("{FAE04EC0-301F-11D3-BF4B-00C04F79EFBC}") = "Lusid.Drive.Sdk.Tests", "Lusid.Drive.Sdk.Tests\Lusid.Drive.Sdk.Tests.csproj", "{35C31433-1A8A-4263-8A44-03AA75B84593}"
EndProject
Global
	GlobalSection(SolutionConfigurationPlatforms) = preSolution
		Debug|Any CPU = Debug|Any CPU
		Release|Any CPU = Release|Any CPU
	EndGlobalSection
	GlobalSection(ProjectConfigurationPlatforms) = postSolution
		{EF446E4C-B8F1-4E19-8E99-C5BBB1F07DD9}.Debug|Any CPU.ActiveCfg = Debug|Any CPU
		{EF446E4C-B8F1-4E19-8E99-C5BBB1F07DD9}.Debug|Any CPU.Build.0 = Debug|Any CPU
		{EF446E4C-B8F1-4E19-8E99-C5BBB1F07DD9}.Release|Any CPU.ActiveCfg = Release|Any CPU
		{EF446E4C-B8F1-4E19-8E99-C5BBB1F07DD9}.Release|Any CPU.Build.0 = Release|Any CPU
		{35C31433-1A8A-4263-8A44-03AA75B84593}.Debug|Any CPU.ActiveCfg = Debug|Any CPU
		{35C31433-1A8A-4263-8A44-03AA75B84593}.Debug|Any CPU.Build.0 = Debug|Any CPU
		{35C31433-1A8A-4263-8A44-03AA75B84593}.Release|Any CPU.ActiveCfg = Release|Any CPU
		{35C31433-1A8A-4263-8A44-03AA75B84593}.Release|Any CPU.Build.0 = Release|Any CPU
	EndGlobalSection
	GlobalSection(SolutionProperties) = preSolution
		HideSolutionNode = FALSE
	EndGlobalSection
EndGlobal
